
Microsoft Visual Studio Solution File, Format Version 12.00
# Visual Studio Version 16
VisualStudioVersion = 16.0.30114.105
MinimumVisualStudioVersion = 10.0.40219.1
Project("{2150E333-8FDC-42A3-9474-1A3956D46DE8}") = "src", "src", "{601B21D8-BDF9-495A-8614-890FAC22030F}"
EndProject
Project("{2150E333-8FDC-42A3-9474-1A3956D46DE8}") = "Core", "Core", "{04227CA6-6843-4599-923C-3D1896843272}"
EndProject
Project("{FAE04EC0-301F-11D3-BF4B-00C04F79EFBC}") = "GloboTicket.TicketManagement.Domain", "src\Core\GloboTicket.TicketManagement.Domain\GloboTicket.TicketManagement.Domain.csproj", "{5F93B1FA-F9FE-4B60-AC1C-97D42731AC80}"
EndProject
Project("{FAE04EC0-301F-11D3-BF4B-00C04F79EFBC}") = "GloboTicket.TicketManagement.Application", "src\Core\GloboTicket.TicketManagement.Application\GloboTicket.TicketManagement.Application.csproj", "{BC947A51-B816-4F21-B11D-DF8BCB0A72D5}"
EndProject
Global
	GlobalSection(SolutionConfigurationPlatforms) = preSolution
		Debug|Any CPU = Debug|Any CPU
		Release|Any CPU = Release|Any CPU
	EndGlobalSection
	GlobalSection(SolutionProperties) = preSolution
		HideSolutionNode = FALSE
	EndGlobalSection
	GlobalSection(ProjectConfigurationPlatforms) = postSolution
		{5F93B1FA-F9FE-4B60-AC1C-97D42731AC80}.Debug|Any CPU.ActiveCfg = Debug|Any CPU
		{5F93B1FA-F9FE-4B60-AC1C-97D42731AC80}.Debug|Any CPU.Build.0 = Debug|Any CPU
		{5F93B1FA-F9FE-4B60-AC1C-97D42731AC80}.Release|Any CPU.ActiveCfg = Release|Any CPU
		{5F93B1FA-F9FE-4B60-AC1C-97D42731AC80}.Release|Any CPU.Build.0 = Release|Any CPU
		{BC947A51-B816-4F21-B11D-DF8BCB0A72D5}.Debug|Any CPU.ActiveCfg = Debug|Any CPU
		{BC947A51-B816-4F21-B11D-DF8BCB0A72D5}.Debug|Any CPU.Build.0 = Debug|Any CPU
		{BC947A51-B816-4F21-B11D-DF8BCB0A72D5}.Release|Any CPU.ActiveCfg = Release|Any CPU
		{BC947A51-B816-4F21-B11D-DF8BCB0A72D5}.Release|Any CPU.Build.0 = Release|Any CPU
	EndGlobalSection
	GlobalSection(NestedProjects) = preSolution
		{04227CA6-6843-4599-923C-3D1896843272} = {601B21D8-BDF9-495A-8614-890FAC22030F}
		{5F93B1FA-F9FE-4B60-AC1C-97D42731AC80} = {04227CA6-6843-4599-923C-3D1896843272}
		{BC947A51-B816-4F21-B11D-DF8BCB0A72D5} = {04227CA6-6843-4599-923C-3D1896843272}
	EndGlobalSection
EndGlobal
